
Microsoft Visual Studio Solution File, Format Version 12.00
# Visual Studio Version 16
VisualStudioVersion = 16.0.28729.10
MinimumVisualStudioVersion = 10.0.40219.1
Project("{8BC9CEB8-8B4A-11D0-8D11-00A0C91BC942}") = "LightnEngine", "LightnEngine\LightnEngine.vcxproj", "{857EAE99-3423-426D-949B-E91B09500DD8}"
	ProjectSection(ProjectDependencies) = postProject
		{A923654B-34B9-4556-B814-C1E7DEE14D0F} = {A923654B-34B9-4556-B814-C1E7DEE14D0F}
		{974E4F89-3D06-43DF-88A3-AC226AB886AD} = {974E4F89-3D06-43DF-88A3-AC226AB886AD}
		{E6D9A99E-B33F-42FE-B22E-B9319BC6C795} = {E6D9A99E-B33F-42FE-B22E-B9319BC6C795}
		{0B3B18B1-1253-4CC7-AE57-ABDBBED2B261} = {0B3B18B1-1253-4CC7-AE57-ABDBBED2B261}
		{1FC1A4C0-827A-4781-85CB-4FCBA1F38940} = {1FC1A4C0-827A-4781-85CB-4FCBA1F38940}
	EndProjectSection
EndProject
Project("{8BC9CEB8-8B4A-11D0-8D11-00A0C91BC942}") = "Math", "Math\Math.vcxproj", "{E6D9A99E-B33F-42FE-B22E-B9319BC6C795}"
EndProject
Project("{8BC9CEB8-8B4A-11D0-8D11-00A0C91BC942}") = "MemoryAllocator", "MemoryAllocator\MemoryAllocator.vcxproj", "{1FC1A4C0-827A-4781-85CB-4FCBA1F38940}"
EndProject
Project("{8BC9CEB8-8B4A-11D0-8D11-00A0C91BC942}") = "TaskSystem", "TaskSystem\TaskSystem.vcxproj", "{974E4F89-3D06-43DF-88A3-AC226AB886AD}"
	ProjectSection(ProjectDependencies) = postProject
		{A923654B-34B9-4556-B814-C1E7DEE14D0F} = {A923654B-34B9-4556-B814-C1E7DEE14D0F}
		{E6D9A99E-B33F-42FE-B22E-B9319BC6C795} = {E6D9A99E-B33F-42FE-B22E-B9319BC6C795}
	EndProjectSection
EndProject
Project("{8BC9CEB8-8B4A-11D0-8D11-00A0C91BC942}") = "Utility", "Utility\Utility.vcxproj", "{A923654B-34B9-4556-B814-C1E7DEE14D0F}"
EndProject
Project("{8BC9CEB8-8B4A-11D0-8D11-00A0C91BC942}") = "D3D12Graphics", "D3D12Graphics\D3D12Graphics.vcxproj", "{0B3B18B1-1253-4CC7-AE57-ABDBBED2B261}"
	ProjectSection(ProjectDependencies) = postProject
		{A923654B-34B9-4556-B814-C1E7DEE14D0F} = {A923654B-34B9-4556-B814-C1E7DEE14D0F}
		{E6D9A99E-B33F-42FE-B22E-B9319BC6C795} = {E6D9A99E-B33F-42FE-B22E-B9319BC6C795}
		{1FC1A4C0-827A-4781-85CB-4FCBA1F38940} = {1FC1A4C0-827A-4781-85CB-4FCBA1F38940}
	EndProjectSection
EndProject
Global
	GlobalSection(SolutionConfigurationPlatforms) = preSolution
		Debug|x64 = Debug|x64
		Release|x64 = Release|x64
	EndGlobalSection
	GlobalSection(ProjectConfigurationPlatforms) = postSolution
		{857EAE99-3423-426D-949B-E91B09500DD8}.Debug|x64.ActiveCfg = Debug|x64
		{857EAE99-3423-426D-949B-E91B09500DD8}.Debug|x64.Build.0 = Debug|x64
		{857EAE99-3423-426D-949B-E91B09500DD8}.Release|x64.ActiveCfg = Release|x64
		{857EAE99-3423-426D-949B-E91B09500DD8}.Release|x64.Build.0 = Release|x64
		{E6D9A99E-B33F-42FE-B22E-B9319BC6C795}.Debug|x64.ActiveCfg = Debug|x64
		{E6D9A99E-B33F-42FE-B22E-B9319BC6C795}.Debug|x64.Build.0 = Debug|x64
		{E6D9A99E-B33F-42FE-B22E-B9319BC6C795}.Release|x64.ActiveCfg = Release|x64
		{E6D9A99E-B33F-42FE-B22E-B9319BC6C795}.Release|x64.Build.0 = Release|x64
		{1FC1A4C0-827A-4781-85CB-4FCBA1F38940}.Debug|x64.ActiveCfg = Debug|x64
		{1FC1A4C0-827A-4781-85CB-4FCBA1F38940}.Debug|x64.Build.0 = Debug|x64
		{1FC1A4C0-827A-4781-85CB-4FCBA1F38940}.Release|x64.ActiveCfg = Release|x64
		{1FC1A4C0-827A-4781-85CB-4FCBA1F38940}.Release|x64.Build.0 = Release|x64
		{974E4F89-3D06-43DF-88A3-AC226AB886AD}.Debug|x64.ActiveCfg = Debug|x64
		{974E4F89-3D06-43DF-88A3-AC226AB886AD}.Debug|x64.Build.0 = Debug|x64
		{974E4F89-3D06-43DF-88A3-AC226AB886AD}.Release|x64.ActiveCfg = Release|x64
		{974E4F89-3D06-43DF-88A3-AC226AB886AD}.Release|x64.Build.0 = Release|x64
		{A923654B-34B9-4556-B814-C1E7DEE14D0F}.Debug|x64.ActiveCfg = Debug|x64
		{A923654B-34B9-4556-B814-C1E7DEE14D0F}.Debug|x64.Build.0 = Debug|x64
		{A923654B-34B9-4556-B814-C1E7DEE14D0F}.Release|x64.ActiveCfg = Release|x64
		{A923654B-34B9-4556-B814-C1E7DEE14D0F}.Release|x64.Build.0 = Release|x64
		{0B3B18B1-1253-4CC7-AE57-ABDBBED2B261}.Debug|x64.ActiveCfg = Debug|x64
		{0B3B18B1-1253-4CC7-AE57-ABDBBED2B261}.Debug|x64.Build.0 = Debug|x64
		{0B3B18B1-1253-4CC7-AE57-ABDBBED2B261}.Release|x64.ActiveCfg = Release|x64
		{0B3B18B1-1253-4CC7-AE57-ABDBBED2B261}.Release|x64.Build.0 = Release|x64
	EndGlobalSection
	GlobalSection(SolutionProperties) = preSolution
		HideSolutionNode = FALSE
	EndGlobalSection
	GlobalSection(ExtensibilityGlobals) = postSolution
		SolutionGuid = {E00D289E-4176-4EE1-8AC5-D8AA8D444C37}
	EndGlobalSection
EndGlobal
